# This file is automatically @generated by Poetry 1.5.1 and should not be changed by hand.

[[package]]
name = "pyglet"
version = "2.0.9"
description = "Cross-platform windowing and multimedia library"
optional = false
python-versions = "*"
files = [
    {file = "pyglet-2.0.9-py3-none-any.whl", hash = "sha256:8520b22dde75f47167e1fedeed58ac0bb0c890c0dca17d8528427d6b318cd9cc"},
    {file = "pyglet-2.0.9.zip", hash = "sha256:a0922e42f2d258505678e2f4a355c5476c1a6352c3f3a37754042ddb7e7cf72f"},
]

[metadata]
lock-version = "2.0"
python-versions = "^3.11"
content-hash = "7f0ef34762e7cc5cab3048491a425a0e99af53d509989dabb9d33ca699aef9f0"
