# This file is automatically @generated by Poetry 1.5.1 and should not be changed by hand.

[[package]]
name = "aiosqlite"
version = "0.19.0"
description = "asyncio bridge to the standard sqlite3 module"
optional = false
python-versions = ">=3.7"
files = [
    {file = "aiosqlite-0.19.0-py3-none-any.whl", hash = "sha256:edba222e03453e094a3ce605db1b970c4b3376264e56f32e2a4959f948d66a96"},
    {file = "aiosqlite-0.19.0.tar.gz", hash = "sha256:95ee77b91c8d2808bd08a59fbebf66270e9090c3d92ffbf260dc0db0b979577d"},
]

[package.extras]
dev = ["aiounittest (==1.4.1)", "attribution (==1.6.2)", "black (==23.3.0)", "coverage[toml] (==7.2.3)", "flake8 (==5.0.4)", "flake8-bugbear (==23.3.12)", "flit (==3.7.1)", "mypy (==1.2.0)", "ufmt (==2.1.0)", "usort (==1.0.6)"]
docs = ["sphinx (==6.1.3)", "sphinx-mdinclude (==0.5.3)"]

[[package]]
name = "attrs"
version = "23.1.0"
description = "Classes Without Boilerplate"
optional = false
python-versions = ">=3.7"
files = [
    {file = "attrs-23.1.0-py3-none-any.whl", hash = "sha256:1f28b4522cdc2fb4256ac1a020c78acf9cba2c6b461ccd2c126f3aa8e8335d04"},
    {file = "attrs-23.1.0.tar.gz", hash = "sha256:6279836d581513a26f1bf235f9acd333bc9115683f14f7e8fae46c98fc50e015"},
]

[package.extras]
cov = ["attrs[tests]", "coverage[toml] (>=5.3)"]
dev = ["attrs[docs,tests]", "pre-commit"]
docs = ["furo", "myst-parser", "sphinx", "sphinx-notfound-page", "sphinxcontrib-towncrier", "towncrier", "zope-interface"]
tests = ["attrs[tests-no-zope]", "zope-interface"]
tests-no-zope = ["cloudpickle", "hypothesis", "mypy (>=1.1.1)", "pympler", "pytest (>=4.3.0)", "pytest-mypy-plugins", "pytest-xdist[psutil]"]

[[package]]
name = "cattrs"
version = "23.1.2"
description = "Composable complex class support for attrs and dataclasses."
optional = false
python-versions = ">=3.7"
files = [
    {file = "cattrs-23.1.2-py3-none-any.whl", hash = "sha256:b2bb14311ac17bed0d58785e5a60f022e5431aca3932e3fc5cc8ed8639de50a4"},
    {file = "cattrs-23.1.2.tar.gz", hash = "sha256:db1c821b8c537382b2c7c66678c3790091ca0275ac486c76f3c8f3920e83c657"},
]

[package.dependencies]
attrs = ">=20"

[package.extras]
bson = ["pymongo (>=4.2.0,<5.0.0)"]
cbor2 = ["cbor2 (>=5.4.6,<6.0.0)"]
msgpack = ["msgpack (>=1.0.2,<2.0.0)"]
orjson = ["orjson (>=3.5.2,<4.0.0)"]
pyyaml = ["PyYAML (>=6.0,<7.0)"]
tomlkit = ["tomlkit (>=0.11.4,<0.12.0)"]
ujson = ["ujson (>=5.4.0,<6.0.0)"]

[[package]]
name = "cbor2"
version = "5.4.6"
description = "CBOR (de)serializer with extensive tag support"
optional = false
python-versions = ">=3.7"
files = [
    {file = "cbor2-5.4.6-cp310-cp310-macosx_10_9_x86_64.whl", hash = "sha256:309fffbb7f561d67f02095d4b9657b73c9220558701c997e9bfcfbca2696e927"},
    {file = "cbor2-5.4.6-cp310-cp310-macosx_11_0_arm64.whl", hash = "sha256:ff95b33e5482313a74648ca3620c9328e9f30ecfa034df040b828e476597d352"},
    {file = "cbor2-5.4.6-cp310-cp310-manylinux_2_17_aarch64.manylinux2014_aarch64.whl", hash = "sha256:db9eb582fce972f0fa429d8159b7891ff8deccb7affc4995090afc61ce0d328a"},
    {file = "cbor2-5.4.6-cp310-cp310-manylinux_2_17_x86_64.manylinux2014_x86_64.whl", hash = "sha256:3950be57a1698086cf26d8710b4e5a637b65133c5b1f9eec23967d4089d8cfed"},
    {file = "cbor2-5.4.6-cp310-cp310-musllinux_1_1_aarch64.whl", hash = "sha256:78304df140b9e13b93bcbb2aecee64c9aaa9f1cadbd45f043b5e7b93cc2f21a2"},
    {file = "cbor2-5.4.6-cp310-cp310-musllinux_1_1_x86_64.whl", hash = "sha256:e73ca40dd3c7210ff776acff9869ddc9ff67bae7c425b58e5715dcf55275163f"},
    {file = "cbor2-5.4.6-cp310-cp310-win_amd64.whl", hash = "sha256:0b956f19e93ba3180c336282cd1b6665631f2d3a196a9c19b29a833bf979e7a4"},
    {file = "cbor2-5.4.6-cp311-cp311-macosx_10_9_x86_64.whl", hash = "sha256:1c12c0ab78f5bc290b08a79152a8621822415836a86f8f4b50dadba371736fda"},
    {file = "cbor2-5.4.6-cp311-cp311-macosx_11_0_arm64.whl", hash = "sha256:3545b16f9f0d5f34d4c99052829c3726020a07be34c99c250d0df87418f02954"},
    {file = "cbor2-5.4.6-cp311-cp311-manylinux_2_17_aarch64.manylinux2014_aarch64.whl", hash = "sha256:24144822f8d2b0156f4cda9427f071f969c18683ffed39663dc86bc0a75ae4dd"},
    {file = "cbor2-5.4.6-cp311-cp311-manylinux_2_17_x86_64.manylinux2014_x86_64.whl", hash = "sha256:1835536e76ea16e88c934aac5e369ba9f93d495b01e5fa2d93f0b4986b89146d"},
    {file = "cbor2-5.4.6-cp311-cp311-musllinux_1_1_aarch64.whl", hash = "sha256:39452c799453f5bf33281ffc0752c620b8bfa0b7c13070b87d370257a1311976"},
    {file = "cbor2-5.4.6-cp311-cp311-musllinux_1_1_x86_64.whl", hash = "sha256:3316f09a77af85e7772ecfdd693b0f450678a60b1aee641bac319289757e3fa0"},
    {file = "cbor2-5.4.6-cp311-cp311-win_amd64.whl", hash = "sha256:456cdff668a50a52fdb8aa6d0742511e43ed46d6a5b463dba80a5a720fa0d320"},
    {file = "cbor2-5.4.6-cp37-cp37m-macosx_10_9_x86_64.whl", hash = "sha256:9394ca49ecdf0957924e45d09a4026482d184a465a047f60c4044eb464c43de9"},
    {file = "cbor2-5.4.6-cp37-cp37m-manylinux_2_17_aarch64.manylinux2014_aarch64.whl", hash = "sha256:56dfa030cd3d67e5b6701d3067923f2f61536a8ffb1b45be14775d1e866b59ae"},
    {file = "cbor2-5.4.6-cp37-cp37m-manylinux_2_17_x86_64.manylinux2014_x86_64.whl", hash = "sha256:e5094562dfe3e5583202b93ef7ca5082c2ba5571accb2c4412d27b7d0ba8a563"},
    {file = "cbor2-5.4.6-cp37-cp37m-musllinux_1_1_aarch64.whl", hash = "sha256:94f844d0e232aca061a86dd6ff191e47ba0389ddd34acb784ad9a41594dc99a4"},
    {file = "cbor2-5.4.6-cp37-cp37m-musllinux_1_1_x86_64.whl", hash = "sha256:7bbd3470eb685325398023e335be896b74f61b014896604ed45049a7b7b6d8ac"},
    {file = "cbor2-5.4.6-cp37-cp37m-win_amd64.whl", hash = "sha256:0bd12c54a48949d11f5ffc2fa27f5df1b4754111f5207453e5fae3512ebb3cab"},
    {file = "cbor2-5.4.6-cp38-cp38-macosx_10_9_x86_64.whl", hash = "sha256:d2984a488f350aee1d54fa9cb8c6a3c1f1f5b268abbc91161e47185de4d829f3"},
    {file = "cbor2-5.4.6-cp38-cp38-macosx_11_0_arm64.whl", hash = "sha256:c285a2cb2c04004bfead93df89d92a0cef1874ad337d0cb5ea53c2c31e97bfdb"},
    {file = "cbor2-5.4.6-cp38-cp38-manylinux_2_17_aarch64.manylinux2014_aarch64.whl", hash = "sha256:6709d97695205cd08255363b54afa035306d5302b7b5e38308c8ff5a47e60f2a"},
    {file = "cbor2-5.4.6-cp38-cp38-manylinux_2_17_x86_64.manylinux2014_x86_64.whl", hash = "sha256:96087fa5336ebfc94465c0768cd5de0fcf9af3840d2cf0ce32f5767855f1a293"},
    {file = "cbor2-5.4.6-cp38-cp38-musllinux_1_1_aarch64.whl", hash = "sha256:0d2b926b024d3a1549b819bc82fdc387062bbd977b0299dd5fa5e0ea3267b98b"},
    {file = "cbor2-5.4.6-cp38-cp38-musllinux_1_1_x86_64.whl", hash = "sha256:6e1b5aee920b6a2f737aa12e2b54de3826b09f885a7ce402db84216343368140"},
    {file = "cbor2-5.4.6-cp38-cp38-win_amd64.whl", hash = "sha256:79e048e623846d60d735bb350263e8fdd36cb6195d7f1a2b57eacd573d9c0b33"},
    {file = "cbor2-5.4.6-cp39-cp39-macosx_10_9_x86_64.whl", hash = "sha256:80ac8ba450c7a41c5afe5f7e503d3092442ed75393e1de162b0bf0d97edf7c7f"},
    {file = "cbor2-5.4.6-cp39-cp39-macosx_11_0_arm64.whl", hash = "sha256:4ce1a2c272ba8523a55ea2f1d66e3464e89fa0e37c9a3d786a919fe64e68dbd7"},
    {file = "cbor2-5.4.6-cp39-cp39-manylinux_2_17_aarch64.manylinux2014_aarch64.whl", hash = "sha256:1618d16e310f7ffed141762b0ff5d8bb6b53ad449406115cc465bf04213cefcf"},
    {file = "cbor2-5.4.6-cp39-cp39-manylinux_2_17_x86_64.manylinux2014_x86_64.whl", hash = "sha256:4bbbdb2e3ef274865dc3f279aae109b5d94f4654aea3c72c479fb37e4a1e7ed7"},
    {file = "cbor2-5.4.6-cp39-cp39-musllinux_1_1_aarch64.whl", hash = "sha256:6f9c702bee2954fffdfa3de95a5af1a6b1c5f155e39490353d5654d83bb05bb9"},
    {file = "cbor2-5.4.6-cp39-cp39-musllinux_1_1_x86_64.whl", hash = "sha256:4b9f3924da0e460a93b3674c7e71020dd6c9e9f17400a34e52a88c0af2dcd2aa"},
    {file = "cbor2-5.4.6-cp39-cp39-win_amd64.whl", hash = "sha256:d54bd840b4fe34f097b8665fc0692c7dd175349e53976be6c5de4433b970daa4"},
    {file = "cbor2-5.4.6-py3-none-any.whl", hash = "sha256:181ac494091d1f9c5bb373cd85514ce1eb967a8cf3ec298e8dfa8878aa823956"},
    {file = "cbor2-5.4.6.tar.gz", hash = "sha256:b893500db0fe033e570c3adc956af6eefc57e280026bd2d86fd53da9f1e594d7"},
]

[package.extras]
doc = ["sphinx-autodoc-typehints (>=1.2.0)", "sphinx-rtd-theme"]
test = ["pytest", "pytest-cov"]

[[package]]
name = "greenlet"
version = "2.0.2"
description = "Lightweight in-process concurrent programming"
optional = false
python-versions = ">=2.7,!=3.0.*,!=3.1.*,!=3.2.*,!=3.3.*,!=3.4.*"
files = [
    {file = "greenlet-2.0.2-cp27-cp27m-macosx_10_14_x86_64.whl", hash = "sha256:bdfea8c661e80d3c1c99ad7c3ff74e6e87184895bbaca6ee8cc61209f8b9b85d"},
    {file = "greenlet-2.0.2-cp27-cp27m-manylinux2010_x86_64.whl", hash = "sha256:9d14b83fab60d5e8abe587d51c75b252bcc21683f24699ada8fb275d7712f5a9"},
    {file = "greenlet-2.0.2-cp27-cp27m-win32.whl", hash = "sha256:6c3acb79b0bfd4fe733dff8bc62695283b57949ebcca05ae5c129eb606ff2d74"},
    {file = "greenlet-2.0.2-cp27-cp27m-win_amd64.whl", hash = "sha256:283737e0da3f08bd637b5ad058507e578dd462db259f7f6e4c5c365ba4ee9343"},
    {file = "greenlet-2.0.2-cp27-cp27mu-manylinux2010_x86_64.whl", hash = "sha256:d27ec7509b9c18b6d73f2f5ede2622441de812e7b1a80bbd446cb0633bd3d5ae"},
    {file = "greenlet-2.0.2-cp310-cp310-macosx_11_0_x86_64.whl", hash = "sha256:30bcf80dda7f15ac77ba5af2b961bdd9dbc77fd4ac6105cee85b0d0a5fcf74df"},
    {file = "greenlet-2.0.2-cp310-cp310-manylinux_2_17_aarch64.manylinux2014_aarch64.whl", hash = "sha256:26fbfce90728d82bc9e6c38ea4d038cba20b7faf8a0ca53a9c07b67318d46088"},
    {file = "greenlet-2.0.2-cp310-cp310-manylinux_2_17_ppc64le.manylinux2014_ppc64le.whl", hash = "sha256:9190f09060ea4debddd24665d6804b995a9c122ef5917ab26e1566dcc712ceeb"},
    {file = "greenlet-2.0.2-cp310-cp310-manylinux_2_17_x86_64.manylinux2014_x86_64.whl", hash = "sha256:d75209eed723105f9596807495d58d10b3470fa6732dd6756595e89925ce2470"},
    {file = "greenlet-2.0.2-cp310-cp310-musllinux_1_1_aarch64.whl", hash = "sha256:3a51c9751078733d88e013587b108f1b7a1fb106d402fb390740f002b6f6551a"},
    {file = "greenlet-2.0.2-cp310-cp310-musllinux_1_1_x86_64.whl", hash = "sha256:76ae285c8104046b3a7f06b42f29c7b73f77683df18c49ab5af7983994c2dd91"},
    {file = "greenlet-2.0.2-cp310-cp310-win_amd64.whl", hash = "sha256:2d4686f195e32d36b4d7cf2d166857dbd0ee9f3d20ae349b6bf8afc8485b3645"},
    {file = "greenlet-2.0.2-cp311-cp311-macosx_10_9_universal2.whl", hash = "sha256:c4302695ad8027363e96311df24ee28978162cdcdd2006476c43970b384a244c"},
    {file = "greenlet-2.0.2-cp311-cp311-manylinux_2_17_aarch64.manylinux2014_aarch64.whl", hash = "sha256:c48f54ef8e05f04d6eff74b8233f6063cb1ed960243eacc474ee73a2ea8573ca"},
    {file = "greenlet-2.0.2-cp311-cp311-manylinux_2_17_ppc64le.manylinux2014_ppc64le.whl", hash = "sha256:a1846f1b999e78e13837c93c778dcfc3365902cfb8d1bdb7dd73ead37059f0d0"},
    {file = "greenlet-2.0.2-cp311-cp311-manylinux_2_17_x86_64.manylinux2014_x86_64.whl", hash = "sha256:3a06ad5312349fec0ab944664b01d26f8d1f05009566339ac6f63f56589bc1a2"},
    {file = "greenlet-2.0.2-cp311-cp311-musllinux_1_1_aarch64.whl", hash = "sha256:eff4eb9b7eb3e4d0cae3d28c283dc16d9bed6b193c2e1ace3ed86ce48ea8df19"},
    {file = "greenlet-2.0.2-cp311-cp311-musllinux_1_1_x86_64.whl", hash = "sha256:5454276c07d27a740c5892f4907c86327b632127dd9abec42ee62e12427ff7e3"},
    {file = "greenlet-2.0.2-cp311-cp311-win_amd64.whl", hash = "sha256:7cafd1208fdbe93b67c7086876f061f660cfddc44f404279c1585bbf3cdc64c5"},
    {file = "greenlet-2.0.2-cp35-cp35m-macosx_10_14_x86_64.whl", hash = "sha256:910841381caba4f744a44bf81bfd573c94e10b3045ee00de0cbf436fe50673a6"},
    {file = "greenlet-2.0.2-cp35-cp35m-manylinux2010_x86_64.whl", hash = "sha256:18a7f18b82b52ee85322d7a7874e676f34ab319b9f8cce5de06067384aa8ff43"},
    {file = "greenlet-2.0.2-cp35-cp35m-win32.whl", hash = "sha256:03a8f4f3430c3b3ff8d10a2a86028c660355ab637cee9333d63d66b56f09d52a"},
    {file = "greenlet-2.0.2-cp35-cp35m-win_amd64.whl", hash = "sha256:4b58adb399c4d61d912c4c331984d60eb66565175cdf4a34792cd9600f21b394"},
    {file = "greenlet-2.0.2-cp36-cp36m-macosx_10_14_x86_64.whl", hash = "sha256:703f18f3fda276b9a916f0934d2fb6d989bf0b4fb5a64825260eb9bfd52d78f0"},
    {file = "greenlet-2.0.2-cp36-cp36m-manylinux2010_x86_64.whl", hash = "sha256:32e5b64b148966d9cccc2c8d35a671409e45f195864560829f395a54226408d3"},
    {file = "greenlet-2.0.2-cp36-cp36m-manylinux_2_17_aarch64.manylinux2014_aarch64.whl", hash = "sha256:2dd11f291565a81d71dab10b7033395b7a3a5456e637cf997a6f33ebdf06f8db"},
    {file = "greenlet-2.0.2-cp36-cp36m-manylinux_2_17_ppc64le.manylinux2014_ppc64le.whl", hash = "sha256:e0f72c9ddb8cd28532185f54cc1453f2c16fb417a08b53a855c4e6a418edd099"},
    {file = "greenlet-2.0.2-cp36-cp36m-manylinux_2_17_x86_64.manylinux2014_x86_64.whl", hash = "sha256:cd021c754b162c0fb55ad5d6b9d960db667faad0fa2ff25bb6e1301b0b6e6a75"},
    {file = "greenlet-2.0.2-cp36-cp36m-musllinux_1_1_aarch64.whl", hash = "sha256:3c9b12575734155d0c09d6c3e10dbd81665d5c18e1a7c6597df72fd05990c8cf"},
    {file = "greenlet-2.0.2-cp36-cp36m-musllinux_1_1_x86_64.whl", hash = "sha256:b9ec052b06a0524f0e35bd8790686a1da006bd911dd1ef7d50b77bfbad74e292"},
    {file = "greenlet-2.0.2-cp36-cp36m-win32.whl", hash = "sha256:dbfcfc0218093a19c252ca8eb9aee3d29cfdcb586df21049b9d777fd32c14fd9"},
    {file = "greenlet-2.0.2-cp36-cp36m-win_amd64.whl", hash = "sha256:9f35ec95538f50292f6d8f2c9c9f8a3c6540bbfec21c9e5b4b751e0a7c20864f"},
    {file = "greenlet-2.0.2-cp37-cp37m-macosx_10_15_x86_64.whl", hash = "sha256:d5508f0b173e6aa47273bdc0a0b5ba055b59662ba7c7ee5119528f466585526b"},
    {file = "greenlet-2.0.2-cp37-cp37m-manylinux2010_x86_64.whl", hash = "sha256:f82d4d717d8ef19188687aa32b8363e96062911e63ba22a0cff7802a8e58e5f1"},
    {file = "greenlet-2.0.2-cp37-cp37m-manylinux_2_17_aarch64.manylinux2014_aarch64.whl", hash = "sha256:c9c59a2120b55788e800d82dfa99b9e156ff8f2227f07c5e3012a45a399620b7"},
    {file = "greenlet-2.0.2-cp37-cp37m-manylinux_2_17_ppc64le.manylinux2014_ppc64le.whl", hash = "sha256:2780572ec463d44c1d3ae850239508dbeb9fed38e294c68d19a24d925d9223ca"},
    {file = "greenlet-2.0.2-cp37-cp37m-manylinux_2_17_x86_64.manylinux2014_x86_64.whl", hash = "sha256:937e9020b514ceedb9c830c55d5c9872abc90f4b5862f89c0887033ae33c6f73"},
    {file = "greenlet-2.0.2-cp37-cp37m-musllinux_1_1_aarch64.whl", hash = "sha256:36abbf031e1c0f79dd5d596bfaf8e921c41df2bdf54ee1eed921ce1f52999a86"},
    {file = "greenlet-2.0.2-cp37-cp37m-musllinux_1_1_x86_64.whl", hash = "sha256:18e98fb3de7dba1c0a852731c3070cf022d14f0d68b4c87a19cc1016f3bb8b33"},
    {file = "greenlet-2.0.2-cp37-cp37m-win32.whl", hash = "sha256:3f6ea9bd35eb450837a3d80e77b517ea5bc56b4647f5502cd28de13675ee12f7"},
    {file = "greenlet-2.0.2-cp37-cp37m-win_amd64.whl", hash = "sha256:7492e2b7bd7c9b9916388d9df23fa49d9b88ac0640db0a5b4ecc2b653bf451e3"},
    {file = "greenlet-2.0.2-cp38-cp38-macosx_10_15_x86_64.whl", hash = "sha256:b864ba53912b6c3ab6bcb2beb19f19edd01a6bfcbdfe1f37ddd1778abfe75a30"},
    {file = "greenlet-2.0.2-cp38-cp38-manylinux2010_x86_64.whl", hash = "sha256:ba2956617f1c42598a308a84c6cf021a90ff3862eddafd20c3333d50f0edb45b"},
    {file = "greenlet-2.0.2-cp38-cp38-manylinux_2_17_aarch64.manylinux2014_aarch64.whl", hash = "sha256:fc3a569657468b6f3fb60587e48356fe512c1754ca05a564f11366ac9e306526"},
    {file = "greenlet-2.0.2-cp38-cp38-manylinux_2_17_ppc64le.manylinux2014_ppc64le.whl", hash = "sha256:8eab883b3b2a38cc1e050819ef06a7e6344d4a990d24d45bc6f2cf959045a45b"},
    {file = "greenlet-2.0.2-cp38-cp38-manylinux_2_17_x86_64.manylinux2014_x86_64.whl", hash = "sha256:acd2162a36d3de67ee896c43effcd5ee3de247eb00354db411feb025aa319857"},
    {file = "greenlet-2.0.2-cp38-cp38-musllinux_1_1_aarch64.whl", hash = "sha256:0bf60faf0bc2468089bdc5edd10555bab6e85152191df713e2ab1fcc86382b5a"},
    {file = "greenlet-2.0.2-cp38-cp38-musllinux_1_1_x86_64.whl", hash = "sha256:b0ef99cdbe2b682b9ccbb964743a6aca37905fda5e0452e5ee239b1654d37f2a"},
    {file = "greenlet-2.0.2-cp38-cp38-win32.whl", hash = "sha256:b80f600eddddce72320dbbc8e3784d16bd3fb7b517e82476d8da921f27d4b249"},
    {file = "greenlet-2.0.2-cp38-cp38-win_amd64.whl", hash = "sha256:4d2e11331fc0c02b6e84b0d28ece3a36e0548ee1a1ce9ddde03752d9b79bba40"},
    {file = "greenlet-2.0.2-cp39-cp39-macosx_11_0_x86_64.whl", hash = "sha256:88d9ab96491d38a5ab7c56dd7a3cc37d83336ecc564e4e8816dbed12e5aaefc8"},
    {file = "greenlet-2.0.2-cp39-cp39-manylinux2010_x86_64.whl", hash = "sha256:561091a7be172ab497a3527602d467e2b3fbe75f9e783d8b8ce403fa414f71a6"},
    {file = "greenlet-2.0.2-cp39-cp39-manylinux_2_17_aarch64.manylinux2014_aarch64.whl", hash = "sha256:971ce5e14dc5e73715755d0ca2975ac88cfdaefcaab078a284fea6cfabf866df"},
    {file = "greenlet-2.0.2-cp39-cp39-manylinux_2_17_ppc64le.manylinux2014_ppc64le.whl", hash = "sha256:be4ed120b52ae4d974aa40215fcdfde9194d63541c7ded40ee12eb4dda57b76b"},
    {file = "greenlet-2.0.2-cp39-cp39-manylinux_2_17_x86_64.manylinux2014_x86_64.whl", hash = "sha256:94c817e84245513926588caf1152e3b559ff794d505555211ca041f032abbb6b"},
    {file = "greenlet-2.0.2-cp39-cp39-musllinux_1_1_aarch64.whl", hash = "sha256:1a819eef4b0e0b96bb0d98d797bef17dc1b4a10e8d7446be32d1da33e095dbb8"},
    {file = "greenlet-2.0.2-cp39-cp39-musllinux_1_1_x86_64.whl", hash = "sha256:7efde645ca1cc441d6dc4b48c0f7101e8d86b54c8530141b09fd31cef5149ec9"},
    {file = "greenlet-2.0.2-cp39-cp39-win32.whl", hash = "sha256:ea9872c80c132f4663822dd2a08d404073a5a9b5ba6155bea72fb2a79d1093b5"},
    {file = "greenlet-2.0.2-cp39-cp39-win_amd64.whl", hash = "sha256:db1a39669102a1d8d12b57de2bb7e2ec9066a6f2b3da35ae511ff93b01b5d564"},
    {file = "greenlet-2.0.2.tar.gz", hash = "sha256:e7c8dc13af7db097bed64a051d2dd49e9f0af495c26995c00a9ee842690d34c0"},
]

[package.extras]
docs = ["Sphinx", "docutils (<0.18)"]
test = ["objgraph", "psutil"]

[[package]]
name = "markdown-it-py"
version = "3.0.0"
description = "Python port of markdown-it. Markdown parsing, done right!"
optional = false
python-versions = ">=3.8"
files = [
    {file = "markdown-it-py-3.0.0.tar.gz", hash = "sha256:e3f60a94fa066dc52ec76661e37c851cb232d92f9886b15cb560aaada2df8feb"},
    {file = "markdown_it_py-3.0.0-py3-none-any.whl", hash = "sha256:355216845c60bd96232cd8d8c40e8f9765cc86f46880e43a8fd22dc1a1a8cab1"},
]

[package.dependencies]
mdurl = ">=0.1,<1.0"

[package.extras]
benchmarking = ["psutil", "pytest", "pytest-benchmark"]
code-style = ["pre-commit (>=3.0,<4.0)"]
compare = ["commonmark (>=0.9,<1.0)", "markdown (>=3.4,<4.0)", "mistletoe (>=1.0,<2.0)", "mistune (>=2.0,<3.0)", "panflute (>=2.3,<3.0)"]
linkify = ["linkify-it-py (>=1,<3)"]
plugins = ["mdit-py-plugins"]
profiling = ["gprof2dot"]
rtd = ["jupyter_sphinx", "mdit-py-plugins", "myst-parser", "pyyaml", "sphinx", "sphinx-copybutton", "sphinx-design", "sphinx_book_theme"]
testing = ["coverage", "pytest", "pytest-cov", "pytest-regressions"]

[[package]]
name = "mdurl"
version = "0.1.2"
description = "Markdown URL utilities"
optional = false
python-versions = ">=3.7"
files = [
    {file = "mdurl-0.1.2-py3-none-any.whl", hash = "sha256:84008a41e51615a49fc9966191ff91509e3c40b939176e643fd50a5c2196b8f8"},
    {file = "mdurl-0.1.2.tar.gz", hash = "sha256:bb413d29f5eea38f31dd4754dd7377d4465116fb207585f97bf925588687c1ba"},
]

[[package]]
name = "pyglet"
version = "2.0.9"
description = "Cross-platform windowing and multimedia library"
optional = false
python-versions = "*"
files = [
    {file = "pyglet-2.0.9-py3-none-any.whl", hash = "sha256:8520b22dde75f47167e1fedeed58ac0bb0c890c0dca17d8528427d6b318cd9cc"},
    {file = "pyglet-2.0.9.zip", hash = "sha256:a0922e42f2d258505678e2f4a355c5476c1a6352c3f3a37754042ddb7e7cf72f"},
]

[[package]]
name = "pygments"
version = "2.16.1"
description = "Pygments is a syntax highlighting package written in Python."
optional = false
python-versions = ">=3.7"
files = [
    {file = "Pygments-2.16.1-py3-none-any.whl", hash = "sha256:13fc09fa63bc8d8671a6d247e1eb303c4b343eaee81d861f3404db2935653692"},
    {file = "Pygments-2.16.1.tar.gz", hash = "sha256:1daff0494820c69bc8941e407aa20f577374ee88364ee10a98fdbe0aece96e29"},
]

[package.extras]
plugins = ["importlib-metadata"]

[[package]]
name = "python-dotenv"
version = "1.0.0"
description = "Read key-value pairs from a .env file and set them as environment variables"
optional = false
python-versions = ">=3.8"
files = [
    {file = "python-dotenv-1.0.0.tar.gz", hash = "sha256:a8df96034aae6d2d50a4ebe8216326c61c3eb64836776504fcca410e5937a3ba"},
    {file = "python_dotenv-1.0.0-py3-none-any.whl", hash = "sha256:f5971a9226b701070a4bf2c38c89e5a3f0d64de8debda981d1db98583009122a"},
]

[package.extras]
cli = ["click (>=5.0)"]

[[package]]
name = "rich"
version = "13.5.2"
description = "Render rich text, tables, progress bars, syntax highlighting, markdown and more to the terminal"
optional = false
python-versions = ">=3.7.0"
files = [
    {file = "rich-13.5.2-py3-none-any.whl", hash = "sha256:146a90b3b6b47cac4a73c12866a499e9817426423f57c5a66949c086191a8808"},
    {file = "rich-13.5.2.tar.gz", hash = "sha256:fb9d6c0a0f643c99eed3875b5377a184132ba9be4d61516a55273d3554d75a39"},
]

[package.dependencies]
markdown-it-py = ">=2.2.0"
pygments = ">=2.13.0,<3.0.0"

[package.extras]
jupyter = ["ipywidgets (>=7.5.1,<9)"]

[[package]]
name = "sqlalchemy"
version = "2.0.21"
description = "Database Abstraction Library"
optional = false
python-versions = ">=3.7"
files = [
    {file = "SQLAlchemy-2.0.21-cp310-cp310-macosx_10_9_x86_64.whl", hash = "sha256:1e7dc99b23e33c71d720c4ae37ebb095bebebbd31a24b7d99dfc4753d2803ede"},
    {file = "SQLAlchemy-2.0.21-cp310-cp310-macosx_11_0_arm64.whl", hash = "sha256:7f0c4ee579acfe6c994637527c386d1c22eb60bc1c1d36d940d8477e482095d4"},
    {file = "SQLAlchemy-2.0.21-cp310-cp310-manylinux_2_17_aarch64.manylinux2014_aarch64.whl", hash = "sha256:3f7d57a7e140efe69ce2d7b057c3f9a595f98d0bbdfc23fd055efdfbaa46e3a5"},
    {file = "SQLAlchemy-2.0.21-cp310-cp310-manylinux_2_17_x86_64.manylinux2014_x86_64.whl", hash = "sha256:7ca38746eac23dd7c20bec9278d2058c7ad662b2f1576e4c3dbfcd7c00cc48fa"},
    {file = "SQLAlchemy-2.0.21-cp310-cp310-musllinux_1_1_aarch64.whl", hash = "sha256:3cf229704074bce31f7f47d12883afee3b0a02bb233a0ba45ddbfe542939cca4"},
    {file = "SQLAlchemy-2.0.21-cp310-cp310-musllinux_1_1_x86_64.whl", hash = "sha256:fb87f763b5d04a82ae84ccff25554ffd903baafba6698e18ebaf32561f2fe4aa"},
    {file = "SQLAlchemy-2.0.21-cp310-cp310-win32.whl", hash = "sha256:89e274604abb1a7fd5c14867a412c9d49c08ccf6ce3e1e04fffc068b5b6499d4"},
    {file = "SQLAlchemy-2.0.21-cp310-cp310-win_amd64.whl", hash = "sha256:e36339a68126ffb708dc6d1948161cea2a9e85d7d7b0c54f6999853d70d44430"},
    {file = "SQLAlchemy-2.0.21-cp311-cp311-macosx_10_9_x86_64.whl", hash = "sha256:bf8eebccc66829010f06fbd2b80095d7872991bfe8415098b9fe47deaaa58063"},
    {file = "SQLAlchemy-2.0.21-cp311-cp311-macosx_11_0_arm64.whl", hash = "sha256:b977bfce15afa53d9cf6a632482d7968477625f030d86a109f7bdfe8ce3c064a"},
    {file = "SQLAlchemy-2.0.21-cp311-cp311-manylinux_2_17_aarch64.manylinux2014_aarch64.whl", hash = "sha256:6ff3dc2f60dbf82c9e599c2915db1526d65415be323464f84de8db3e361ba5b9"},
    {file = "SQLAlchemy-2.0.21-cp311-cp311-manylinux_2_17_x86_64.manylinux2014_x86_64.whl", hash = "sha256:44ac5c89b6896f4740e7091f4a0ff2e62881da80c239dd9408f84f75a293dae9"},
    {file = "SQLAlchemy-2.0.21-cp311-cp311-musllinux_1_1_aarch64.whl", hash = "sha256:87bf91ebf15258c4701d71dcdd9c4ba39521fb6a37379ea68088ce8cd869b446"},
    {file = "SQLAlchemy-2.0.21-cp311-cp311-musllinux_1_1_x86_64.whl", hash = "sha256:b69f1f754d92eb1cc6b50938359dead36b96a1dcf11a8670bff65fd9b21a4b09"},
    {file = "SQLAlchemy-2.0.21-cp311-cp311-win32.whl", hash = "sha256:af520a730d523eab77d754f5cf44cc7dd7ad2d54907adeb3233177eeb22f271b"},
    {file = "SQLAlchemy-2.0.21-cp311-cp311-win_amd64.whl", hash = "sha256:141675dae56522126986fa4ca713739d00ed3a6f08f3c2eb92c39c6dfec463ce"},
    {file = "SQLAlchemy-2.0.21-cp37-cp37m-macosx_10_9_x86_64.whl", hash = "sha256:7614f1eab4336df7dd6bee05bc974f2b02c38d3d0c78060c5faa4cd1ca2af3b8"},
    {file = "SQLAlchemy-2.0.21-cp37-cp37m-manylinux_2_17_aarch64.manylinux2014_aarch64.whl", hash = "sha256:d59cb9e20d79686aa473e0302e4a82882d7118744d30bb1dfb62d3c47141b3ec"},
    {file = "SQLAlchemy-2.0.21-cp37-cp37m-manylinux_2_17_x86_64.manylinux2014_x86_64.whl", hash = "sha256:a95aa0672e3065d43c8aa80080cdd5cc40fe92dc873749e6c1cf23914c4b83af"},
    {file = "SQLAlchemy-2.0.21-cp37-cp37m-musllinux_1_1_aarch64.whl", hash = "sha256:8c323813963b2503e54d0944813cd479c10c636e3ee223bcbd7bd478bf53c178"},
    {file = "SQLAlchemy-2.0.21-cp37-cp37m-musllinux_1_1_x86_64.whl", hash = "sha256:419b1276b55925b5ac9b4c7044e999f1787c69761a3c9756dec6e5c225ceca01"},
    {file = "SQLAlchemy-2.0.21-cp37-cp37m-win32.whl", hash = "sha256:4615623a490e46be85fbaa6335f35cf80e61df0783240afe7d4f544778c315a9"},
    {file = "SQLAlchemy-2.0.21-cp37-cp37m-win_amd64.whl", hash = "sha256:cca720d05389ab1a5877ff05af96551e58ba65e8dc65582d849ac83ddde3e231"},
    {file = "SQLAlchemy-2.0.21-cp38-cp38-macosx_10_9_x86_64.whl", hash = "sha256:b4eae01faee9f2b17f08885e3f047153ae0416648f8e8c8bd9bc677c5ce64be9"},
    {file = "SQLAlchemy-2.0.21-cp38-cp38-macosx_11_0_arm64.whl", hash = "sha256:3eb7c03fe1cd3255811cd4e74db1ab8dca22074d50cd8937edf4ef62d758cdf4"},
    {file = "SQLAlchemy-2.0.21-cp38-cp38-manylinux_2_17_aarch64.manylinux2014_aarch64.whl", hash = "sha256:c2d494b6a2a2d05fb99f01b84cc9af9f5f93bf3e1e5dbdafe4bed0c2823584c1"},
    {file = "SQLAlchemy-2.0.21-cp38-cp38-manylinux_2_17_x86_64.manylinux2014_x86_64.whl", hash = "sha256:b19ae41ef26c01a987e49e37c77b9ad060c59f94d3b3efdfdbf4f3daaca7b5fe"},
    {file = "SQLAlchemy-2.0.21-cp38-cp38-musllinux_1_1_aarch64.whl", hash = "sha256:fc6b15465fabccc94bf7e38777d665b6a4f95efd1725049d6184b3a39fd54880"},
    {file = "SQLAlchemy-2.0.21-cp38-cp38-musllinux_1_1_x86_64.whl", hash = "sha256:014794b60d2021cc8ae0f91d4d0331fe92691ae5467a00841f7130fe877b678e"},
    {file = "SQLAlchemy-2.0.21-cp38-cp38-win32.whl", hash = "sha256:0268256a34806e5d1c8f7ee93277d7ea8cc8ae391f487213139018b6805aeaf6"},
    {file = "SQLAlchemy-2.0.21-cp38-cp38-win_amd64.whl", hash = "sha256:73c079e21d10ff2be54a4699f55865d4b275fd6c8bd5d90c5b1ef78ae0197301"},
    {file = "SQLAlchemy-2.0.21-cp39-cp39-macosx_10_9_x86_64.whl", hash = "sha256:785e2f2c1cb50d0a44e2cdeea5fd36b5bf2d79c481c10f3a88a8be4cfa2c4615"},
    {file = "SQLAlchemy-2.0.21-cp39-cp39-macosx_11_0_arm64.whl", hash = "sha256:c111cd40910ffcb615b33605fc8f8e22146aeb7933d06569ac90f219818345ef"},
    {file = "SQLAlchemy-2.0.21-cp39-cp39-manylinux_2_17_aarch64.manylinux2014_aarch64.whl", hash = "sha256:c9cba4e7369de663611ce7460a34be48e999e0bbb1feb9130070f0685e9a6b66"},
    {file = "SQLAlchemy-2.0.21-cp39-cp39-manylinux_2_17_x86_64.manylinux2014_x86_64.whl", hash = "sha256:50a69067af86ec7f11a8e50ba85544657b1477aabf64fa447fd3736b5a0a4f67"},
    {file = "SQLAlchemy-2.0.21-cp39-cp39-musllinux_1_1_aarch64.whl", hash = "sha256:ccb99c3138c9bde118b51a289d90096a3791658da9aea1754667302ed6564f6e"},
    {file = "SQLAlchemy-2.0.21-cp39-cp39-musllinux_1_1_x86_64.whl", hash = "sha256:513fd5b6513d37e985eb5b7ed89da5fd9e72354e3523980ef00d439bc549c9e9"},
    {file = "SQLAlchemy-2.0.21-cp39-cp39-win32.whl", hash = "sha256:f9fefd6298433b6e9188252f3bff53b9ff0443c8fde27298b8a2b19f6617eeb9"},
    {file = "SQLAlchemy-2.0.21-cp39-cp39-win_amd64.whl", hash = "sha256:2e617727fe4091cedb3e4409b39368f424934c7faa78171749f704b49b4bb4ce"},
    {file = "SQLAlchemy-2.0.21-py3-none-any.whl", hash = "sha256:ea7da25ee458d8f404b93eb073116156fd7d8c2a776d8311534851f28277b4ce"},
    {file = "SQLAlchemy-2.0.21.tar.gz", hash = "sha256:05b971ab1ac2994a14c56b35eaaa91f86ba080e9ad481b20d99d77f381bb6258"},
]

[package.dependencies]
greenlet = {version = "!=0.4.17", optional = true, markers = "platform_machine == \"win32\" or platform_machine == \"WIN32\" or platform_machine == \"AMD64\" or platform_machine == \"amd64\" or platform_machine == \"x86_64\" or platform_machine == \"ppc64le\" or platform_machine == \"aarch64\" or extra == \"asyncio\""}
typing-extensions = ">=4.2.0"

[package.extras]
aiomysql = ["aiomysql (>=0.2.0)", "greenlet (!=0.4.17)"]
aiosqlite = ["aiosqlite", "greenlet (!=0.4.17)", "typing-extensions (!=3.10.0.1)"]
asyncio = ["greenlet (!=0.4.17)"]
asyncmy = ["asyncmy (>=0.2.3,!=0.2.4,!=0.2.6)", "greenlet (!=0.4.17)"]
mariadb-connector = ["mariadb (>=1.0.1,!=1.1.2,!=1.1.5)"]
mssql = ["pyodbc"]
mssql-pymssql = ["pymssql"]
mssql-pyodbc = ["pyodbc"]
mypy = ["mypy (>=0.910)"]
mysql = ["mysqlclient (>=1.4.0)"]
mysql-connector = ["mysql-connector-python"]
oracle = ["cx-oracle (>=7)"]
oracle-oracledb = ["oracledb (>=1.0.1)"]
postgresql = ["psycopg2 (>=2.7)"]
postgresql-asyncpg = ["asyncpg", "greenlet (!=0.4.17)"]
postgresql-pg8000 = ["pg8000 (>=1.29.1)"]
postgresql-psycopg = ["psycopg (>=3.0.7)"]
postgresql-psycopg2binary = ["psycopg2-binary"]
postgresql-psycopg2cffi = ["psycopg2cffi"]
postgresql-psycopgbinary = ["psycopg[binary] (>=3.0.7)"]
pymysql = ["pymysql"]
sqlcipher = ["sqlcipher3-binary"]

[[package]]
name = "tgraphics"
version = "0.0.1.dev0"
description = "GUI library"
optional = false
python-versions = "^3.11"
files = []
develop = true

[package.dependencies]
pyglet = "^2.0.9"

[package.source]
type = "directory"
url = "../../libs/tgraphics"

[[package]]
name = "tsocket"
version = "0.0.1.dev0"
description = "Raw async socket communication library"
optional = false
python-versions = "^3.11"
files = []
develop = true

[package.dependencies]
cattrs = "^23.1.2"
cbor2 = "^5.4.6"

[package.source]
type = "directory"
url = "../../libs/tsocket"

[[package]]
name = "typing-extensions"
version = "4.8.0"
description = "Backported and Experimental Type Hints for Python 3.8+"
optional = false
python-versions = ">=3.8"
files = [
    {file = "typing_extensions-4.8.0-py3-none-any.whl", hash = "sha256:8f92fc8806f9a6b641eaa5318da32b44d401efaac0f6678c9bc448ba3605faa0"},
    {file = "typing_extensions-4.8.0.tar.gz", hash = "sha256:df8e4339e9cb77357558cbdbceca33c303714cf861d1eef15e1070055ae8b7ef"},
]

[metadata]
lock-version = "2.0"
python-versions = "^3.11"
content-hash = "f53e2cbc24942a5a04fcabb74fd6203e4df70896ab7ea320d4d23eddc55f0a09"
